
Microsoft Visual Studio Solution File, Format Version 12.00
# Visual Studio 15
VisualStudioVersion = 15.0.28307.572
MinimumVisualStudioVersion = 10.0.40219.1
Project("{FAE04EC0-301F-11D3-BF4B-00C04F79EFBC}") = "Demo", "Demo\Demo.csproj", "{B366EEFD-436E-41ED-819E-33F8CC683C03}"
EndProject
Project("{FAE04EC0-301F-11D3-BF4B-00C04F79EFBC}") = "LINQ_Aggregate", "LINQ_Aggregate\LINQ_Aggregate.csproj", "{46A5553D-4E99-4F1B-A53C-17C29179DEFC}"
EndProject
Project("{FAE04EC0-301F-11D3-BF4B-00C04F79EFBC}") = "LINQ_Restriction", "LINQ_Restriction\LINQ_Restriction.csproj", "{60AE234F-B10B-40E5-8132-09ED7FFA1C9B}"
EndProject
Project("{FAE04EC0-301F-11D3-BF4B-00C04F79EFBC}") = "LINQ_Projection", "LINQ_Projection\LINQ_Projection.csproj", "{D4CF3CF6-DFFD-41E6-BB02-E83B4679B3EF}"
EndProject
Project("{FAE04EC0-301F-11D3-BF4B-00C04F79EFBC}") = "LINQ_SelectMany", "LINQ_SelectMany\LINQ_SelectMany.csproj", "{850EF287-E234-46E1-B14D-D9148570EE1D}"
EndProject
Project("{FAE04EC0-301F-11D3-BF4B-00C04F79EFBC}") = "LINQ_OrderingOperator", "LINQ_OrderingOperator\LINQ_OrderingOperator.csproj", "{F92AB3C9-6D69-49BB-B6AD-3B7E025C7351}"
EndProject
Project("{FAE04EC0-301F-11D3-BF4B-00C04F79EFBC}") = "LINQ_Partioning", "LINQ_Partioning\LINQ_Partioning.csproj", "{DBBDD4BC-0D8C-49FB-A36A-C5BB5887DDA4}"
EndProject
Project("{FAE04EC0-301F-11D3-BF4B-00C04F79EFBC}") = "LINQ_DeferredExecution", "LINQ_DeferredExecution\LINQ_DeferredExecution.csproj", "{8101352B-7B23-4D88-B8A6-0CEAD265108E}"
EndProject
Project("{FAE04EC0-301F-11D3-BF4B-00C04F79EFBC}") = "LINQ_ImmediateExecution", "LINQ_ImmediateExecution\LINQ_ImmediateExecution.csproj", "{057CA0ED-9CA2-4EE9-9DCC-58447EEA4868}"
EndProject
Project("{FAE04EC0-301F-11D3-BF4B-00C04F79EFBC}") = "LINQ_ConversionOperator", "LINQ_ConversionOperator\LINQ_ConversionOperator.csproj", "{E35C2490-55F9-4C49-8F26-C37607810E35}"
EndProject
Project("{FAE04EC0-301F-11D3-BF4B-00C04F79EFBC}") = "LINQ_GroupBy", "LINQ_GroupBy\LINQ_GroupBy.csproj", "{6D766BEC-34FE-4459-B2BD-2FB488AF00CB}"
EndProject
Global
	GlobalSection(SolutionConfigurationPlatforms) = preSolution
		Debug|Any CPU = Debug|Any CPU
		Release|Any CPU = Release|Any CPU
	EndGlobalSection
	GlobalSection(ProjectConfigurationPlatforms) = postSolution
		{B366EEFD-436E-41ED-819E-33F8CC683C03}.Debug|Any CPU.ActiveCfg = Debug|Any CPU
		{B366EEFD-436E-41ED-819E-33F8CC683C03}.Debug|Any CPU.Build.0 = Debug|Any CPU
		{B366EEFD-436E-41ED-819E-33F8CC683C03}.Release|Any CPU.ActiveCfg = Release|Any CPU
		{B366EEFD-436E-41ED-819E-33F8CC683C03}.Release|Any CPU.Build.0 = Release|Any CPU
		{46A5553D-4E99-4F1B-A53C-17C29179DEFC}.Debug|Any CPU.ActiveCfg = Debug|Any CPU
		{46A5553D-4E99-4F1B-A53C-17C29179DEFC}.Debug|Any CPU.Build.0 = Debug|Any CPU
		{46A5553D-4E99-4F1B-A53C-17C29179DEFC}.Release|Any CPU.ActiveCfg = Release|Any CPU
		{46A5553D-4E99-4F1B-A53C-17C29179DEFC}.Release|Any CPU.Build.0 = Release|Any CPU
		{60AE234F-B10B-40E5-8132-09ED7FFA1C9B}.Debug|Any CPU.ActiveCfg = Debug|Any CPU
		{60AE234F-B10B-40E5-8132-09ED7FFA1C9B}.Debug|Any CPU.Build.0 = Debug|Any CPU
		{60AE234F-B10B-40E5-8132-09ED7FFA1C9B}.Release|Any CPU.ActiveCfg = Release|Any CPU
		{60AE234F-B10B-40E5-8132-09ED7FFA1C9B}.Release|Any CPU.Build.0 = Release|Any CPU
		{D4CF3CF6-DFFD-41E6-BB02-E83B4679B3EF}.Debug|Any CPU.ActiveCfg = Debug|Any CPU
		{D4CF3CF6-DFFD-41E6-BB02-E83B4679B3EF}.Debug|Any CPU.Build.0 = Debug|Any CPU
		{D4CF3CF6-DFFD-41E6-BB02-E83B4679B3EF}.Release|Any CPU.ActiveCfg = Release|Any CPU
		{D4CF3CF6-DFFD-41E6-BB02-E83B4679B3EF}.Release|Any CPU.Build.0 = Release|Any CPU
		{850EF287-E234-46E1-B14D-D9148570EE1D}.Debug|Any CPU.ActiveCfg = Debug|Any CPU
		{850EF287-E234-46E1-B14D-D9148570EE1D}.Debug|Any CPU.Build.0 = Debug|Any CPU
		{850EF287-E234-46E1-B14D-D9148570EE1D}.Release|Any CPU.ActiveCfg = Release|Any CPU
		{850EF287-E234-46E1-B14D-D9148570EE1D}.Release|Any CPU.Build.0 = Release|Any CPU
		{F92AB3C9-6D69-49BB-B6AD-3B7E025C7351}.Debug|Any CPU.ActiveCfg = Debug|Any CPU
		{F92AB3C9-6D69-49BB-B6AD-3B7E025C7351}.Debug|Any CPU.Build.0 = Debug|Any CPU
		{F92AB3C9-6D69-49BB-B6AD-3B7E025C7351}.Release|Any CPU.ActiveCfg = Release|Any CPU
		{F92AB3C9-6D69-49BB-B6AD-3B7E025C7351}.Release|Any CPU.Build.0 = Release|Any CPU
		{DBBDD4BC-0D8C-49FB-A36A-C5BB5887DDA4}.Debug|Any CPU.ActiveCfg = Debug|Any CPU
		{DBBDD4BC-0D8C-49FB-A36A-C5BB5887DDA4}.Debug|Any CPU.Build.0 = Debug|Any CPU
		{DBBDD4BC-0D8C-49FB-A36A-C5BB5887DDA4}.Release|Any CPU.ActiveCfg = Release|Any CPU
		{DBBDD4BC-0D8C-49FB-A36A-C5BB5887DDA4}.Release|Any CPU.Build.0 = Release|Any CPU
		{8101352B-7B23-4D88-B8A6-0CEAD265108E}.Debug|Any CPU.ActiveCfg = Debug|Any CPU
		{8101352B-7B23-4D88-B8A6-0CEAD265108E}.Debug|Any CPU.Build.0 = Debug|Any CPU
		{8101352B-7B23-4D88-B8A6-0CEAD265108E}.Release|Any CPU.ActiveCfg = Release|Any CPU
		{8101352B-7B23-4D88-B8A6-0CEAD265108E}.Release|Any CPU.Build.0 = Release|Any CPU
		{057CA0ED-9CA2-4EE9-9DCC-58447EEA4868}.Debug|Any CPU.ActiveCfg = Debug|Any CPU
		{057CA0ED-9CA2-4EE9-9DCC-58447EEA4868}.Debug|Any CPU.Build.0 = Debug|Any CPU
		{057CA0ED-9CA2-4EE9-9DCC-58447EEA4868}.Release|Any CPU.ActiveCfg = Release|Any CPU
		{057CA0ED-9CA2-4EE9-9DCC-58447EEA4868}.Release|Any CPU.Build.0 = Release|Any CPU
		{E35C2490-55F9-4C49-8F26-C37607810E35}.Debug|Any CPU.ActiveCfg = Debug|Any CPU
		{E35C2490-55F9-4C49-8F26-C37607810E35}.Debug|Any CPU.Build.0 = Debug|Any CPU
		{E35C2490-55F9-4C49-8F26-C37607810E35}.Release|Any CPU.ActiveCfg = Release|Any CPU
		{E35C2490-55F9-4C49-8F26-C37607810E35}.Release|Any CPU.Build.0 = Release|Any CPU
		{6D766BEC-34FE-4459-B2BD-2FB488AF00CB}.Debug|Any CPU.ActiveCfg = Debug|Any CPU
		{6D766BEC-34FE-4459-B2BD-2FB488AF00CB}.Debug|Any CPU.Build.0 = Debug|Any CPU
		{6D766BEC-34FE-4459-B2BD-2FB488AF00CB}.Release|Any CPU.ActiveCfg = Release|Any CPU
		{6D766BEC-34FE-4459-B2BD-2FB488AF00CB}.Release|Any CPU.Build.0 = Release|Any CPU
	EndGlobalSection
	GlobalSection(SolutionProperties) = preSolution
		HideSolutionNode = FALSE
	EndGlobalSection
	GlobalSection(ExtensibilityGlobals) = postSolution
		SolutionGuid = {08BA074A-1011-4DE5-A44D-67BB5DCEF364}
	EndGlobalSection
EndGlobal
