
Microsoft Visual Studio Solution File, Format Version 12.00
# Visual Studio 15
VisualStudioVersion = 15.0.28307.572
MinimumVisualStudioVersion = 10.0.40219.1
Project("{FAE04EC0-301F-11D3-BF4B-00C04F79EFBC}") = "Demo", "Demo\Demo.csproj", "{B366EEFD-436E-41ED-819E-33F8CC683C03}"
EndProject
Project("{FAE04EC0-301F-11D3-BF4B-00C04F79EFBC}") = "LINQ_Aggregate", "LINQ_Aggregate\LINQ_Aggregate.csproj", "{46A5553D-4E99-4F1B-A53C-17C29179DEFC}"
EndProject
Project("{FAE04EC0-301F-11D3-BF4B-00C04F79EFBC}") = "LINQ_Restriction", "LINQ_Restriction\LINQ_Restriction.csproj", "{60AE234F-B10B-40E5-8132-09ED7FFA1C9B}"
EndProject
Project("{FAE04EC0-301F-11D3-BF4B-00C04F79EFBC}") = "LINQ_Projection", "LINQ_Projection\LINQ_Projection.csproj", "{D4CF3CF6-DFFD-41E6-BB02-E83B4679B3EF}"
EndProject
Project("{FAE04EC0-301F-11D3-BF4B-00C04F79EFBC}") = "LINQ_SelectMany", "LINQ_SelectMany\LINQ_SelectMany.csproj", "{850EF287-E234-46E1-B14D-D9148570EE1D}"
EndProject
Global
	GlobalSection(SolutionConfigurationPlatforms) = preSolution
		Debug|Any CPU = Debug|Any CPU
		Release|Any CPU = Release|Any CPU
	EndGlobalSection
	GlobalSection(ProjectConfigurationPlatforms) = postSolution
		{B366EEFD-436E-41ED-819E-33F8CC683C03}.Debug|Any CPU.ActiveCfg = Debug|Any CPU
		{B366EEFD-436E-41ED-819E-33F8CC683C03}.Debug|Any CPU.Build.0 = Debug|Any CPU
		{B366EEFD-436E-41ED-819E-33F8CC683C03}.Release|Any CPU.ActiveCfg = Release|Any CPU
		{B366EEFD-436E-41ED-819E-33F8CC683C03}.Release|Any CPU.Build.0 = Release|Any CPU
		{46A5553D-4E99-4F1B-A53C-17C29179DEFC}.Debug|Any CPU.ActiveCfg = Debug|Any CPU
		{46A5553D-4E99-4F1B-A53C-17C29179DEFC}.Debug|Any CPU.Build.0 = Debug|Any CPU
		{46A5553D-4E99-4F1B-A53C-17C29179DEFC}.Release|Any CPU.ActiveCfg = Release|Any CPU
		{46A5553D-4E99-4F1B-A53C-17C29179DEFC}.Release|Any CPU.Build.0 = Release|Any CPU
		{60AE234F-B10B-40E5-8132-09ED7FFA1C9B}.Debug|Any CPU.ActiveCfg = Debug|Any CPU
		{60AE234F-B10B-40E5-8132-09ED7FFA1C9B}.Debug|Any CPU.Build.0 = Debug|Any CPU
		{60AE234F-B10B-40E5-8132-09ED7FFA1C9B}.Release|Any CPU.ActiveCfg = Release|Any CPU
		{60AE234F-B10B-40E5-8132-09ED7FFA1C9B}.Release|Any CPU.Build.0 = Release|Any CPU
		{D4CF3CF6-DFFD-41E6-BB02-E83B4679B3EF}.Debug|Any CPU.ActiveCfg = Debug|Any CPU
		{D4CF3CF6-DFFD-41E6-BB02-E83B4679B3EF}.Debug|Any CPU.Build.0 = Debug|Any CPU
		{D4CF3CF6-DFFD-41E6-BB02-E83B4679B3EF}.Release|Any CPU.ActiveCfg = Release|Any CPU
		{D4CF3CF6-DFFD-41E6-BB02-E83B4679B3EF}.Release|Any CPU.Build.0 = Release|Any CPU
		{850EF287-E234-46E1-B14D-D9148570EE1D}.Debug|Any CPU.ActiveCfg = Debug|Any CPU
		{850EF287-E234-46E1-B14D-D9148570EE1D}.Debug|Any CPU.Build.0 = Debug|Any CPU
		{850EF287-E234-46E1-B14D-D9148570EE1D}.Release|Any CPU.ActiveCfg = Release|Any CPU
		{850EF287-E234-46E1-B14D-D9148570EE1D}.Release|Any CPU.Build.0 = Release|Any CPU
	EndGlobalSection
	GlobalSection(SolutionProperties) = preSolution
		HideSolutionNode = FALSE
	EndGlobalSection
	GlobalSection(ExtensibilityGlobals) = postSolution
		SolutionGuid = {08BA074A-1011-4DE5-A44D-67BB5DCEF364}
	EndGlobalSection
EndGlobal
